
Microsoft Visual Studio Solution File, Format Version 12.00
# Visual Studio Version 16
VisualStudioVersion = 16.0.31702.278
MinimumVisualStudioVersion = 10.0.40219.1
Project("{8BC9CEB8-8B4A-11D0-8D11-00A0C91BC942}") = "Cplusplus", "Cplusplus\Cplusplus.vcxproj", "{1A7DA8B7-D909-4373-92CC-803F41C052EB}"
EndProject
Global
	GlobalSection(SolutionConfigurationPlatforms) = preSolution
		Debug|x64 = Debug|x64
		Debug|x86 = Debug|x86
		Release|x64 = Release|x64
		Release|x86 = Release|x86
	EndGlobalSection
	GlobalSection(ProjectConfigurationPlatforms) = postSolution
		{1A7DA8B7-D909-4373-92CC-803F41C052EB}.Debug|x64.ActiveCfg = Debug|x64
		{1A7DA8B7-D909-4373-92CC-803F41C052EB}.Debug|x64.Build.0 = Debug|x64
		{1A7DA8B7-D909-4373-92CC-803F41C052EB}.Debug|x86.ActiveCfg = Debug|Win32
		{1A7DA8B7-D909-4373-92CC-803F41C052EB}.Debug|x86.Build.0 = Debug|Win32
		{1A7DA8B7-D909-4373-92CC-803F41C052EB}.Release|x64.ActiveCfg = Release|x64
		{1A7DA8B7-D909-4373-92CC-803F41C052EB}.Release|x64.Build.0 = Release|x64
		{1A7DA8B7-D909-4373-92CC-803F41C052EB}.Release|x86.ActiveCfg = Release|Win32
		{1A7DA8B7-D909-4373-92CC-803F41C052EB}.Release|x86.Build.0 = Release|Win32
	EndGlobalSection
	GlobalSection(SolutionProperties) = preSolution
		HideSolutionNode = FALSE
	EndGlobalSection
	GlobalSection(ExtensibilityGlobals) = postSolution
		SolutionGuid = {52B98E9B-13D7-4A46-9D3E-66E0D5D7EDC3}
	EndGlobalSection
EndGlobal
